
Microsoft Visual Studio Solution File, Format Version 12.00
# Visual Studio 15
VisualStudioVersion = 15.0.28306.52
MinimumVisualStudioVersion = 10.0.40219.1
Project("{FAE04EC0-301F-11D3-BF4B-00C04F79EFBC}") = "Agenda2", "Agenda2\Agenda2.csproj", "{DF044686-D0B6-4F68-85B0-E7646EE40D1E}"
EndProject
Global
	GlobalSection(SolutionConfigurationPlatforms) = preSolution
		Debug|Any CPU = Debug|Any CPU
		Release|Any CPU = Release|Any CPU
	EndGlobalSection
	GlobalSection(ProjectConfigurationPlatforms) = postSolution
		{DF044686-D0B6-4F68-85B0-E7646EE40D1E}.Debug|Any CPU.ActiveCfg = Debug|Any CPU
		{DF044686-D0B6-4F68-85B0-E7646EE40D1E}.Debug|Any CPU.Build.0 = Debug|Any CPU
		{DF044686-D0B6-4F68-85B0-E7646EE40D1E}.Release|Any CPU.ActiveCfg = Release|Any CPU
		{DF044686-D0B6-4F68-85B0-E7646EE40D1E}.Release|Any CPU.Build.0 = Release|Any CPU
	EndGlobalSection
	GlobalSection(SolutionProperties) = preSolution
		HideSolutionNode = FALSE
	EndGlobalSection
	GlobalSection(ExtensibilityGlobals) = postSolution
		SolutionGuid = {80C1E5A8-9E40-41F3-B648-C4A36BA8C7D9}
	EndGlobalSection
EndGlobal
